
Microsoft Visual Studio Solution File, Format Version 12.00
# Visual Studio 15
VisualStudioVersion = 15.0.26403.7
MinimumVisualStudioVersion = 10.0.40219.1
Project("{FAE04EC0-301F-11D3-BF4B-00C04F79EFBC}") = "TimerSwitches", "Source\TimerSwitches.csproj", "{0117DFDB-C708-4DFE-A614-17A13A44A926}"
EndProject
Project("{2150E333-8FDC-42A3-9474-1A3956D46DE8}") = "Solution Items", "Solution Items", "{A7477C05-237F-4F8C-A6DF-0209A1F05D72}"
	ProjectSection(SolutionItems) = preProject
		About\About.xml = About\About.xml
		1.2\Defs\ThingDefs\Buildings_Power_TimerSwitch.xml = 1.2\Defs\ThingDefs\Buildings_Power_TimerSwitch.xml
		1.2\Defs\MainTabDefs\MainButtonDefs_TimersButton.xml = 1.2\Defs\MainTabDefs\MainButtonDefs_TimersButton.xml
		1.2\Defs\ResearchProjectDefs\ResearchProjects_Tier2_TimeOfDaySwitch.xml = 1.2\Defs\ResearchProjectDefs\ResearchProjects_Tier2_TimeOfDaySwitch.xml
	EndProjectSection
EndProject
Global
	GlobalSection(SolutionConfigurationPlatforms) = preSolution
		Release|Any CPU = Release|Any CPU
	EndGlobalSection
	GlobalSection(ProjectConfigurationPlatforms) = postSolution
		{0117DFDB-C708-4DFE-A614-17A13A44A926}.Release|Any CPU.ActiveCfg = Release|Any CPU
		{0117DFDB-C708-4DFE-A614-17A13A44A926}.Release|Any CPU.Build.0 = Release|Any CPU
	EndGlobalSection
	GlobalSection(SolutionProperties) = preSolution
		HideSolutionNode = FALSE
	EndGlobalSection
EndGlobal
