
Microsoft Visual Studio Solution File, Format Version 12.00
# Visual Studio Version 16
VisualStudioVersion = 16.0.29613.14
MinimumVisualStudioVersion = 10.0.40219.1
Project("{FAE04EC0-301F-11D3-BF4B-00C04F79EFBC}") = "TimerSwitches", "TimerSwitches.csproj", "{0117DFDB-C708-4DFE-A614-17A13A44A926}"
EndProject
Project("{2150E333-8FDC-42A3-9474-1A3956D46DE8}") = "Solution Items", "Solution Items", "{A7477C05-237F-4F8C-A6DF-0209A1F05D72}"
	ProjectSection(SolutionItems) = preProject
		..\About\About.xml = ..\About\About.xml
		..\1.1\Defs\ThingDefs\Buildings_Power_TimerSwitch.xml = ..\1.1\Defs\ThingDefs\Buildings_Power_TimerSwitch.xml
		..\1.1\Defs\MainTabDefs\MainButtonDefs_TimersButton.xml = ..\1.1\Defs\MainTabDefs\MainButtonDefs_TimersButton.xml
		..\1.1\Defs\ResearchProjectDefs\ResearchProjects_Tier2_TimeOfDaySwitch.xml = ..\1.1\Defs\ResearchProjectDefs\ResearchProjects_Tier2_TimeOfDaySwitch.xml
	EndProjectSection
EndProject
Global
	GlobalSection(SolutionConfigurationPlatforms) = preSolution
		Debug|Any CPU = Debug|Any CPU
		Release|Any CPU = Release|Any CPU
	EndGlobalSection
	GlobalSection(ProjectConfigurationPlatforms) = postSolution
		{0117DFDB-C708-4DFE-A614-17A13A44A926}.Debug|Any CPU.ActiveCfg = Release|Any CPU
		{0117DFDB-C708-4DFE-A614-17A13A44A926}.Debug|Any CPU.Build.0 = Release|Any CPU
		{0117DFDB-C708-4DFE-A614-17A13A44A926}.Release|Any CPU.ActiveCfg = Release|Any CPU
		{0117DFDB-C708-4DFE-A614-17A13A44A926}.Release|Any CPU.Build.0 = Release|Any CPU
	EndGlobalSection
	GlobalSection(SolutionProperties) = preSolution
		HideSolutionNode = FALSE
	EndGlobalSection
	GlobalSection(ExtensibilityGlobals) = postSolution
		SolutionGuid = {BF2D449A-DB6A-4E3B-9D0C-C5686EDAF40C}
	EndGlobalSection
EndGlobal
